
Microsoft Visual Studio Solution File, Format Version 12.00
# Visual Studio Version 16
VisualStudioVersion = 16.0.31624.102
MinimumVisualStudioVersion = 10.0.40219.1
Project("{FAE04EC0-301F-11D3-BF4B-00C04F79EFBC}") = "WebApplicationPublishGit", "WebApplicationPublishGit\WebApplicationPublishGit.csproj", "{5F517943-142F-42A7-ACE2-9E1E93B19399}"
EndProject
Global
	GlobalSection(SolutionConfigurationPlatforms) = preSolution
		Debug|Any CPU = Debug|Any CPU
		Release|Any CPU = Release|Any CPU
	EndGlobalSection
	GlobalSection(ProjectConfigurationPlatforms) = postSolution
		{5F517943-142F-42A7-ACE2-9E1E93B19399}.Debug|Any CPU.ActiveCfg = Debug|Any CPU
		{5F517943-142F-42A7-ACE2-9E1E93B19399}.Debug|Any CPU.Build.0 = Debug|Any CPU
		{5F517943-142F-42A7-ACE2-9E1E93B19399}.Release|Any CPU.ActiveCfg = Release|Any CPU
		{5F517943-142F-42A7-ACE2-9E1E93B19399}.Release|Any CPU.Build.0 = Release|Any CPU
	EndGlobalSection
	GlobalSection(SolutionProperties) = preSolution
		HideSolutionNode = FALSE
	EndGlobalSection
	GlobalSection(ExtensibilityGlobals) = postSolution
		SolutionGuid = {D4163F2C-87FC-4A93-8763-74ECE2AC48C2}
	EndGlobalSection
EndGlobal
